
Microsoft Visual Studio Solution File, Format Version 12.00
# Visual Studio Express 2013 for Web
VisualStudioVersion = 12.0.21005.1
MinimumVisualStudioVersion = 10.0.40219.1
Project("{FAE04EC0-301F-11D3-BF4B-00C04F79EFBC}") = "Dibware.Template.Presentation.Web.Tests", "Dibware.Template.Presentation.Web.Tests\Dibware.Template.Presentation.Web.Tests.csproj", "{5D1F727E-B742-412C-B7FD-F41392334B81}"
EndProject
Project("{FAE04EC0-301F-11D3-BF4B-00C04F79EFBC}") = "Dibware.Template.Presentation.Web", "Dibware.Template.Presentation.Web\Dibware.Template.Presentation.Web.csproj", "{8EC2C9B7-CACE-42D2-A6BF-5D4CBC2CEA67}"
EndProject
Project("{2150E333-8FDC-42A3-9474-1A3956D46DE8}") = "GitInfo", "GitInfo", "{D7FB98AD-1870-4B40-8B67-8292EDA6A31E}"
	ProjectSection(SolutionItems) = preProject
		README.md = README.md
	EndProjectSection
EndProject
Project("{2150E333-8FDC-42A3-9474-1A3956D46DE8}") = "01-Presentation", "01-Presentation", "{8B18F95B-2F37-4C96-8CEB-8CC77491F627}"
EndProject
Project("{2150E333-8FDC-42A3-9474-1A3956D46DE8}") = "02-Core", "02-Core", "{43DC97A4-5E29-45FF-A80E-9E1CF7C010A4}"
EndProject
Project("{FAE04EC0-301F-11D3-BF4B-00C04F79EFBC}") = "Dibware.Template.Core.Domain", "Dibware.Template.Core.Domain\Dibware.Template.Core.Domain.csproj", "{9CE3ACA7-1C53-474D-8C51-807C11B45045}"
EndProject
Project("{2150E333-8FDC-42A3-9474-1A3956D46DE8}") = "Documentation", "Documentation", "{AE0BE308-F7E0-4298-B578-F28BF547713E}"
	ProjectSection(SolutionItems) = preProject
		UserStories.xlsx = UserStories.xlsx
	EndProjectSection
EndProject
Project("{2150E333-8FDC-42A3-9474-1A3956D46DE8}") = "03-Infrastructure", "03-Infrastructure", "{92C9BBDD-F3D1-43C0-9CE2-723FE73CD9CA}"
EndProject
Project("{2150E333-8FDC-42A3-9474-1A3956D46DE8}") = "3.1-SqlDataAccess", "3.1-SqlDataAccess", "{33215F47-87A9-49BF-B9FA-FA4639F4D3DE}"
EndProject
Project("{FAE04EC0-301F-11D3-BF4B-00C04F79EFBC}") = "Dibware.Template.Infrastructure.SqlDataAccess", "Dibware.Template.Infrastructure.SqlDataAccess\Dibware.Template.Infrastructure.SqlDataAccess.csproj", "{72D64451-15F3-4C29-9A4B-B0146791342C}"
EndProject
Project("{FAE04EC0-301F-11D3-BF4B-00C04F79EFBC}") = "Dibware.Template.Infrastructure.SqlDataAccessTests", "Dibware.Template.Infrastructure.SqlDataAccessTests\Dibware.Template.Infrastructure.SqlDataAccessTests.csproj", "{451CE30F-F4FF-4EB9-A462-AC08081BFE48}"
EndProject
Project("{2150E333-8FDC-42A3-9474-1A3956D46DE8}") = "04-Database", "04-Database", "{76E96821-C288-47DC-B9C0-49B67130B4F7}"
EndProject
Project("{00D1A9C2-B5F0-4AF3-8072-F6C62B433612}") = "Dibware.Template.Database", "Dibware.Template.Database\Dibware.Template.Database.sqlproj", "{8DE5309C-56E9-46B4-92C6-678A2F90B495}"
EndProject
Project("{2150E333-8FDC-42A3-9474-1A3956D46DE8}") = "02.01-Domain", "02.01-Domain", "{12472E1D-D98D-43F8-BE4E-E5935D804F03}"
EndProject
Project("{2150E333-8FDC-42A3-9474-1A3956D46DE8}") = "02.02-Application", "02.02-Application", "{FB1F1A5E-B660-4793-A281-E0F51F4C52B4}"
EndProject
Project("{FAE04EC0-301F-11D3-BF4B-00C04F79EFBC}") = "Dibware.Template.Core.Domain.Tests", "Dibware.Template.Core.Domain.Tests\Dibware.Template.Core.Domain.Tests.csproj", "{FCBFD14F-61FC-4728-A240-21585527A48C}"
EndProject
Project("{FAE04EC0-301F-11D3-BF4B-00C04F79EFBC}") = "Dibware.Template.Core.Application", "Dibware.Template.Core.Application\Dibware.Template.Core.Application.csproj", "{E123F4A6-35DC-4E93-A6A3-FCC2D8475D60}"
EndProject
Project("{FAE04EC0-301F-11D3-BF4B-00C04F79EFBC}") = "Dibware.Template.Core.Application.Tests", "Dibware.Template.Core.Application.Tests\Dibware.Template.Core.Application.Tests.csproj", "{EF97B279-C40E-4123-AB14-6795ED048676}"
EndProject
Project("{2150E333-8FDC-42A3-9474-1A3956D46DE8}") = "Solution Items", "Solution Items", "{58E63293-0508-473B-8812-F65AD7F465F9}"
	ProjectSection(SolutionItems) = preProject
		..\dibware.clique\dibware.clique\Link_Cloning.txt = ..\dibware.clique\dibware.clique\Link_Cloning.txt
		..\dibware.clique\dibware.clique\Link_ExpectedException.txt = ..\dibware.clique\dibware.clique\Link_ExpectedException.txt
		..\dibware.clique\dibware.clique\Links_Membership.txt = ..\dibware.clique\dibware.clique\Links_Membership.txt
	EndProjectSection
EndProject
Global
	GlobalSection(SolutionConfigurationPlatforms) = preSolution
		Debug|Any CPU = Debug|Any CPU
		Release|Any CPU = Release|Any CPU
	EndGlobalSection
	GlobalSection(ProjectConfigurationPlatforms) = postSolution
		{5D1F727E-B742-412C-B7FD-F41392334B81}.Debug|Any CPU.ActiveCfg = Debug|Any CPU
		{5D1F727E-B742-412C-B7FD-F41392334B81}.Debug|Any CPU.Build.0 = Debug|Any CPU
		{5D1F727E-B742-412C-B7FD-F41392334B81}.Release|Any CPU.ActiveCfg = Release|Any CPU
		{5D1F727E-B742-412C-B7FD-F41392334B81}.Release|Any CPU.Build.0 = Release|Any CPU
		{8EC2C9B7-CACE-42D2-A6BF-5D4CBC2CEA67}.Debug|Any CPU.ActiveCfg = Debug|Any CPU
		{8EC2C9B7-CACE-42D2-A6BF-5D4CBC2CEA67}.Debug|Any CPU.Build.0 = Debug|Any CPU
		{8EC2C9B7-CACE-42D2-A6BF-5D4CBC2CEA67}.Release|Any CPU.ActiveCfg = Release|Any CPU
		{8EC2C9B7-CACE-42D2-A6BF-5D4CBC2CEA67}.Release|Any CPU.Build.0 = Release|Any CPU
		{9CE3ACA7-1C53-474D-8C51-807C11B45045}.Debug|Any CPU.ActiveCfg = Debug|Any CPU
		{9CE3ACA7-1C53-474D-8C51-807C11B45045}.Debug|Any CPU.Build.0 = Debug|Any CPU
		{9CE3ACA7-1C53-474D-8C51-807C11B45045}.Release|Any CPU.ActiveCfg = Release|Any CPU
		{9CE3ACA7-1C53-474D-8C51-807C11B45045}.Release|Any CPU.Build.0 = Release|Any CPU
		{72D64451-15F3-4C29-9A4B-B0146791342C}.Debug|Any CPU.ActiveCfg = Debug|Any CPU
		{72D64451-15F3-4C29-9A4B-B0146791342C}.Debug|Any CPU.Build.0 = Debug|Any CPU
		{72D64451-15F3-4C29-9A4B-B0146791342C}.Release|Any CPU.ActiveCfg = Release|Any CPU
		{72D64451-15F3-4C29-9A4B-B0146791342C}.Release|Any CPU.Build.0 = Release|Any CPU
		{451CE30F-F4FF-4EB9-A462-AC08081BFE48}.Debug|Any CPU.ActiveCfg = Debug|Any CPU
		{451CE30F-F4FF-4EB9-A462-AC08081BFE48}.Debug|Any CPU.Build.0 = Debug|Any CPU
		{451CE30F-F4FF-4EB9-A462-AC08081BFE48}.Release|Any CPU.ActiveCfg = Release|Any CPU
		{451CE30F-F4FF-4EB9-A462-AC08081BFE48}.Release|Any CPU.Build.0 = Release|Any CPU
		{8DE5309C-56E9-46B4-92C6-678A2F90B495}.Debug|Any CPU.ActiveCfg = Debug|Any CPU
		{8DE5309C-56E9-46B4-92C6-678A2F90B495}.Debug|Any CPU.Build.0 = Debug|Any CPU
		{8DE5309C-56E9-46B4-92C6-678A2F90B495}.Debug|Any CPU.Deploy.0 = Debug|Any CPU
		{8DE5309C-56E9-46B4-92C6-678A2F90B495}.Release|Any CPU.ActiveCfg = Release|Any CPU
		{8DE5309C-56E9-46B4-92C6-678A2F90B495}.Release|Any CPU.Build.0 = Release|Any CPU
		{8DE5309C-56E9-46B4-92C6-678A2F90B495}.Release|Any CPU.Deploy.0 = Release|Any CPU
		{FCBFD14F-61FC-4728-A240-21585527A48C}.Debug|Any CPU.ActiveCfg = Debug|Any CPU
		{FCBFD14F-61FC-4728-A240-21585527A48C}.Debug|Any CPU.Build.0 = Debug|Any CPU
		{FCBFD14F-61FC-4728-A240-21585527A48C}.Release|Any CPU.ActiveCfg = Release|Any CPU
		{FCBFD14F-61FC-4728-A240-21585527A48C}.Release|Any CPU.Build.0 = Release|Any CPU
		{E123F4A6-35DC-4E93-A6A3-FCC2D8475D60}.Debug|Any CPU.ActiveCfg = Debug|Any CPU
		{E123F4A6-35DC-4E93-A6A3-FCC2D8475D60}.Debug|Any CPU.Build.0 = Debug|Any CPU
		{E123F4A6-35DC-4E93-A6A3-FCC2D8475D60}.Release|Any CPU.ActiveCfg = Release|Any CPU
		{E123F4A6-35DC-4E93-A6A3-FCC2D8475D60}.Release|Any CPU.Build.0 = Release|Any CPU
		{EF97B279-C40E-4123-AB14-6795ED048676}.Debug|Any CPU.ActiveCfg = Debug|Any CPU
		{EF97B279-C40E-4123-AB14-6795ED048676}.Debug|Any CPU.Build.0 = Debug|Any CPU
		{EF97B279-C40E-4123-AB14-6795ED048676}.Release|Any CPU.ActiveCfg = Release|Any CPU
		{EF97B279-C40E-4123-AB14-6795ED048676}.Release|Any CPU.Build.0 = Release|Any CPU
	EndGlobalSection
	GlobalSection(SolutionProperties) = preSolution
		HideSolutionNode = FALSE
	EndGlobalSection
	GlobalSection(NestedProjects) = preSolution
		{8EC2C9B7-CACE-42D2-A6BF-5D4CBC2CEA67} = {8B18F95B-2F37-4C96-8CEB-8CC77491F627}
		{5D1F727E-B742-412C-B7FD-F41392334B81} = {8B18F95B-2F37-4C96-8CEB-8CC77491F627}
		{12472E1D-D98D-43F8-BE4E-E5935D804F03} = {43DC97A4-5E29-45FF-A80E-9E1CF7C010A4}
		{FB1F1A5E-B660-4793-A281-E0F51F4C52B4} = {43DC97A4-5E29-45FF-A80E-9E1CF7C010A4}
		{9CE3ACA7-1C53-474D-8C51-807C11B45045} = {12472E1D-D98D-43F8-BE4E-E5935D804F03}
		{FCBFD14F-61FC-4728-A240-21585527A48C} = {12472E1D-D98D-43F8-BE4E-E5935D804F03}
		{33215F47-87A9-49BF-B9FA-FA4639F4D3DE} = {92C9BBDD-F3D1-43C0-9CE2-723FE73CD9CA}
		{72D64451-15F3-4C29-9A4B-B0146791342C} = {33215F47-87A9-49BF-B9FA-FA4639F4D3DE}
		{451CE30F-F4FF-4EB9-A462-AC08081BFE48} = {33215F47-87A9-49BF-B9FA-FA4639F4D3DE}
		{8DE5309C-56E9-46B4-92C6-678A2F90B495} = {76E96821-C288-47DC-B9C0-49B67130B4F7}
		{E123F4A6-35DC-4E93-A6A3-FCC2D8475D60} = {FB1F1A5E-B660-4793-A281-E0F51F4C52B4}
		{EF97B279-C40E-4123-AB14-6795ED048676} = {FB1F1A5E-B660-4793-A281-E0F51F4C52B4}
	EndGlobalSection
EndGlobal
