
Microsoft Visual Studio Solution File, Format Version 12.00
# Visual Studio 2013
VisualStudioVersion = 12.0.21005.1
MinimumVisualStudioVersion = 10.0.40219.1
Project("{FAE04EC0-301F-11D3-BF4B-00C04F79EFBC}") = "Dibware.Template.Presentation.Web.Tests", "Dibware.Template.Presentation.Web.Tests\Dibware.Template.Presentation.Web.Tests.csproj", "{5D1F727E-B742-412C-B7FD-F41392334B81}"
EndProject
Project("{FAE04EC0-301F-11D3-BF4B-00C04F79EFBC}") = "Dibware.Template.Presentation.Web", "Dibware.Template.Presentation.Web\Dibware.Template.Presentation.Web.csproj", "{8EC2C9B7-CACE-42D2-A6BF-5D4CBC2CEA67}"
EndProject
Global
	GlobalSection(SolutionConfigurationPlatforms) = preSolution
		Debug|Any CPU = Debug|Any CPU
		Release|Any CPU = Release|Any CPU
	EndGlobalSection
	GlobalSection(ProjectConfigurationPlatforms) = postSolution
		{5D1F727E-B742-412C-B7FD-F41392334B81}.Debug|Any CPU.ActiveCfg = Debug|Any CPU
		{5D1F727E-B742-412C-B7FD-F41392334B81}.Debug|Any CPU.Build.0 = Debug|Any CPU
		{5D1F727E-B742-412C-B7FD-F41392334B81}.Release|Any CPU.ActiveCfg = Release|Any CPU
		{5D1F727E-B742-412C-B7FD-F41392334B81}.Release|Any CPU.Build.0 = Release|Any CPU
		{8EC2C9B7-CACE-42D2-A6BF-5D4CBC2CEA67}.Debug|Any CPU.ActiveCfg = Debug|Any CPU
		{8EC2C9B7-CACE-42D2-A6BF-5D4CBC2CEA67}.Debug|Any CPU.Build.0 = Debug|Any CPU
		{8EC2C9B7-CACE-42D2-A6BF-5D4CBC2CEA67}.Release|Any CPU.ActiveCfg = Release|Any CPU
		{8EC2C9B7-CACE-42D2-A6BF-5D4CBC2CEA67}.Release|Any CPU.Build.0 = Release|Any CPU
	EndGlobalSection
	GlobalSection(SolutionProperties) = preSolution
		HideSolutionNode = FALSE
	EndGlobalSection
EndGlobal
